
Microsoft Visual Studio Solution File, Format Version 12.00
# Visual Studio 2013
VisualStudioVersion = 12.0.21005.1
MinimumVisualStudioVersion = 10.0.40219.1
Project("{FAE04EC0-301F-11D3-BF4B-00C04F79EFBC}") = "MyExpenses.Portable", "MyExpenses.Portable\MyExpenses.Portable.csproj", "{DC013CAB-92B7-473C-B06D-C1459651640B}"
EndProject
Project("{FAE04EC0-301F-11D3-BF4B-00C04F79EFBC}") = "MyExpenses.Tests", "MyExpenses.Tests\MyExpenses.Tests.csproj", "{DB47D56F-7BD3-431B-9E4D-B1613632546A}"
EndProject
Project("{FAE04EC0-301F-11D3-BF4B-00C04F79EFBC}") = "MyExpenses.WindowsPhone", "MyExpenses.WindowsPhone\MyExpenses.WindowsPhone.csproj", "{E58F83EB-8F07-401C-9FA3-24971BA2070C}"
EndProject
Project("{FAE04EC0-301F-11D3-BF4B-00C04F79EFBC}") = "MyExpenses.Analysis", "MyExpenses.Analysis\MyExpenses.Analysis.csproj", "{5B8AE9C0-B53F-475C-82F9-A6851C484697}"
EndProject
Project("{2150E333-8FDC-42A3-9474-1A3956D46DE8}") = "Tests", "Tests", "{F0FEB5A4-427E-44CC-8E42-97E33A6C8F9A}"
EndProject
Project("{FAE04EC0-301F-11D3-BF4B-00C04F79EFBC}") = "MyExpenses.Android", "MyExpenses.Android\MyExpenses.Android.csproj", "{F5C0623B-7B4F-4442-862A-0D79B9362E1F}"
EndProject
Project("{FAE04EC0-301F-11D3-BF4B-00C04F79EFBC}") = "MyExpenses.iOS", "MyExpenses.iOS\MyExpenses.iOS.csproj", "{E32AAED8-DB96-4653-84CF-EBFA2E551EFB}"
EndProject
Global
	GlobalSection(SolutionConfigurationPlatforms) = preSolution
		Ad-Hoc|Any CPU = Ad-Hoc|Any CPU
		Ad-Hoc|ARM = Ad-Hoc|ARM
		Ad-Hoc|iPhone = Ad-Hoc|iPhone
		Ad-Hoc|iPhoneSimulator = Ad-Hoc|iPhoneSimulator
		Ad-Hoc|Mixed Platforms = Ad-Hoc|Mixed Platforms
		Ad-Hoc|x86 = Ad-Hoc|x86
		AppStore|Any CPU = AppStore|Any CPU
		AppStore|ARM = AppStore|ARM
		AppStore|iPhone = AppStore|iPhone
		AppStore|iPhoneSimulator = AppStore|iPhoneSimulator
		AppStore|Mixed Platforms = AppStore|Mixed Platforms
		AppStore|x86 = AppStore|x86
		Debug|Any CPU = Debug|Any CPU
		Debug|ARM = Debug|ARM
		Debug|iPhone = Debug|iPhone
		Debug|iPhoneSimulator = Debug|iPhoneSimulator
		Debug|Mixed Platforms = Debug|Mixed Platforms
		Debug|x86 = Debug|x86
		Release|Any CPU = Release|Any CPU
		Release|ARM = Release|ARM
		Release|iPhone = Release|iPhone
		Release|iPhoneSimulator = Release|iPhoneSimulator
		Release|Mixed Platforms = Release|Mixed Platforms
		Release|x86 = Release|x86
	EndGlobalSection
	GlobalSection(ProjectConfigurationPlatforms) = postSolution
		{DC013CAB-92B7-473C-B06D-C1459651640B}.Ad-Hoc|Any CPU.ActiveCfg = Release|Any CPU
		{DC013CAB-92B7-473C-B06D-C1459651640B}.Ad-Hoc|Any CPU.Build.0 = Release|Any CPU
		{DC013CAB-92B7-473C-B06D-C1459651640B}.Ad-Hoc|ARM.ActiveCfg = Debug|Any CPU
		{DC013CAB-92B7-473C-B06D-C1459651640B}.Ad-Hoc|iPhone.ActiveCfg = Release|Any CPU
		{DC013CAB-92B7-473C-B06D-C1459651640B}.Ad-Hoc|iPhoneSimulator.ActiveCfg = Release|Any CPU
		{DC013CAB-92B7-473C-B06D-C1459651640B}.Ad-Hoc|Mixed Platforms.ActiveCfg = Release|Any CPU
		{DC013CAB-92B7-473C-B06D-C1459651640B}.Ad-Hoc|Mixed Platforms.Build.0 = Release|Any CPU
		{DC013CAB-92B7-473C-B06D-C1459651640B}.Ad-Hoc|x86.ActiveCfg = Debug|Any CPU
		{DC013CAB-92B7-473C-B06D-C1459651640B}.AppStore|Any CPU.ActiveCfg = Release|Any CPU
		{DC013CAB-92B7-473C-B06D-C1459651640B}.AppStore|Any CPU.Build.0 = Release|Any CPU
		{DC013CAB-92B7-473C-B06D-C1459651640B}.AppStore|ARM.ActiveCfg = Debug|Any CPU
		{DC013CAB-92B7-473C-B06D-C1459651640B}.AppStore|iPhone.ActiveCfg = Release|Any CPU
		{DC013CAB-92B7-473C-B06D-C1459651640B}.AppStore|iPhoneSimulator.ActiveCfg = Release|Any CPU
		{DC013CAB-92B7-473C-B06D-C1459651640B}.AppStore|Mixed Platforms.ActiveCfg = Release|Any CPU
		{DC013CAB-92B7-473C-B06D-C1459651640B}.AppStore|Mixed Platforms.Build.0 = Release|Any CPU
		{DC013CAB-92B7-473C-B06D-C1459651640B}.AppStore|x86.ActiveCfg = Debug|Any CPU
		{DC013CAB-92B7-473C-B06D-C1459651640B}.Debug|Any CPU.ActiveCfg = Debug|Any CPU
		{DC013CAB-92B7-473C-B06D-C1459651640B}.Debug|Any CPU.Build.0 = Debug|Any CPU
		{DC013CAB-92B7-473C-B06D-C1459651640B}.Debug|ARM.ActiveCfg = Debug|Any CPU
		{DC013CAB-92B7-473C-B06D-C1459651640B}.Debug|ARM.Build.0 = Debug|Any CPU
		{DC013CAB-92B7-473C-B06D-C1459651640B}.Debug|iPhone.ActiveCfg = Debug|Any CPU
		{DC013CAB-92B7-473C-B06D-C1459651640B}.Debug|iPhone.Build.0 = Debug|Any CPU
		{DC013CAB-92B7-473C-B06D-C1459651640B}.Debug|iPhoneSimulator.ActiveCfg = Debug|Any CPU
		{DC013CAB-92B7-473C-B06D-C1459651640B}.Debug|iPhoneSimulator.Build.0 = Debug|Any CPU
		{DC013CAB-92B7-473C-B06D-C1459651640B}.Debug|Mixed Platforms.ActiveCfg = Debug|Any CPU
		{DC013CAB-92B7-473C-B06D-C1459651640B}.Debug|Mixed Platforms.Build.0 = Debug|Any CPU
		{DC013CAB-92B7-473C-B06D-C1459651640B}.Debug|x86.ActiveCfg = Debug|Any CPU
		{DC013CAB-92B7-473C-B06D-C1459651640B}.Debug|x86.Build.0 = Debug|Any CPU
		{DC013CAB-92B7-473C-B06D-C1459651640B}.Release|Any CPU.ActiveCfg = Release|Any CPU
		{DC013CAB-92B7-473C-B06D-C1459651640B}.Release|Any CPU.Build.0 = Release|Any CPU
		{DC013CAB-92B7-473C-B06D-C1459651640B}.Release|ARM.ActiveCfg = Release|Any CPU
		{DC013CAB-92B7-473C-B06D-C1459651640B}.Release|iPhone.ActiveCfg = Release|Any CPU
		{DC013CAB-92B7-473C-B06D-C1459651640B}.Release|iPhone.Build.0 = Release|Any CPU
		{DC013CAB-92B7-473C-B06D-C1459651640B}.Release|iPhoneSimulator.ActiveCfg = Release|Any CPU
		{DC013CAB-92B7-473C-B06D-C1459651640B}.Release|Mixed Platforms.ActiveCfg = Release|Any CPU
		{DC013CAB-92B7-473C-B06D-C1459651640B}.Release|Mixed Platforms.Build.0 = Release|Any CPU
		{DC013CAB-92B7-473C-B06D-C1459651640B}.Release|x86.ActiveCfg = Release|Any CPU
		{DB47D56F-7BD3-431B-9E4D-B1613632546A}.Ad-Hoc|Any CPU.ActiveCfg = Release|Any CPU
		{DB47D56F-7BD3-431B-9E4D-B1613632546A}.Ad-Hoc|Any CPU.Build.0 = Release|Any CPU
		{DB47D56F-7BD3-431B-9E4D-B1613632546A}.Ad-Hoc|ARM.ActiveCfg = Debug|Any CPU
		{DB47D56F-7BD3-431B-9E4D-B1613632546A}.Ad-Hoc|iPhone.ActiveCfg = Release|Any CPU
		{DB47D56F-7BD3-431B-9E4D-B1613632546A}.Ad-Hoc|iPhoneSimulator.ActiveCfg = Release|Any CPU
		{DB47D56F-7BD3-431B-9E4D-B1613632546A}.Ad-Hoc|Mixed Platforms.ActiveCfg = Release|Any CPU
		{DB47D56F-7BD3-431B-9E4D-B1613632546A}.Ad-Hoc|Mixed Platforms.Build.0 = Release|Any CPU
		{DB47D56F-7BD3-431B-9E4D-B1613632546A}.Ad-Hoc|x86.ActiveCfg = Debug|Any CPU
		{DB47D56F-7BD3-431B-9E4D-B1613632546A}.AppStore|Any CPU.ActiveCfg = Release|Any CPU
		{DB47D56F-7BD3-431B-9E4D-B1613632546A}.AppStore|Any CPU.Build.0 = Release|Any CPU
		{DB47D56F-7BD3-431B-9E4D-B1613632546A}.AppStore|ARM.ActiveCfg = Debug|Any CPU
		{DB47D56F-7BD3-431B-9E4D-B1613632546A}.AppStore|iPhone.ActiveCfg = Release|Any CPU
		{DB47D56F-7BD3-431B-9E4D-B1613632546A}.AppStore|iPhoneSimulator.ActiveCfg = Release|Any CPU
		{DB47D56F-7BD3-431B-9E4D-B1613632546A}.AppStore|Mixed Platforms.ActiveCfg = Release|Any CPU
		{DB47D56F-7BD3-431B-9E4D-B1613632546A}.AppStore|Mixed Platforms.Build.0 = Release|Any CPU
		{DB47D56F-7BD3-431B-9E4D-B1613632546A}.AppStore|x86.ActiveCfg = Debug|Any CPU
		{DB47D56F-7BD3-431B-9E4D-B1613632546A}.Debug|Any CPU.ActiveCfg = Debug|Any CPU
		{DB47D56F-7BD3-431B-9E4D-B1613632546A}.Debug|Any CPU.Build.0 = Debug|Any CPU
		{DB47D56F-7BD3-431B-9E4D-B1613632546A}.Debug|ARM.ActiveCfg = Debug|Any CPU
		{DB47D56F-7BD3-431B-9E4D-B1613632546A}.Debug|iPhone.ActiveCfg = Debug|Any CPU
		{DB47D56F-7BD3-431B-9E4D-B1613632546A}.Debug|iPhoneSimulator.ActiveCfg = Debug|Any CPU
		{DB47D56F-7BD3-431B-9E4D-B1613632546A}.Debug|Mixed Platforms.ActiveCfg = Debug|Any CPU
		{DB47D56F-7BD3-431B-9E4D-B1613632546A}.Debug|Mixed Platforms.Build.0 = Debug|Any CPU
		{DB47D56F-7BD3-431B-9E4D-B1613632546A}.Debug|x86.ActiveCfg = Debug|Any CPU
		{DB47D56F-7BD3-431B-9E4D-B1613632546A}.Release|Any CPU.ActiveCfg = Release|Any CPU
		{DB47D56F-7BD3-431B-9E4D-B1613632546A}.Release|Any CPU.Build.0 = Release|Any CPU
		{DB47D56F-7BD3-431B-9E4D-B1613632546A}.Release|ARM.ActiveCfg = Release|Any CPU
		{DB47D56F-7BD3-431B-9E4D-B1613632546A}.Release|iPhone.ActiveCfg = Release|Any CPU
		{DB47D56F-7BD3-431B-9E4D-B1613632546A}.Release|iPhoneSimulator.ActiveCfg = Release|Any CPU
		{DB47D56F-7BD3-431B-9E4D-B1613632546A}.Release|Mixed Platforms.ActiveCfg = Release|Any CPU
		{DB47D56F-7BD3-431B-9E4D-B1613632546A}.Release|Mixed Platforms.Build.0 = Release|Any CPU
		{DB47D56F-7BD3-431B-9E4D-B1613632546A}.Release|x86.ActiveCfg = Release|Any CPU
		{E58F83EB-8F07-401C-9FA3-24971BA2070C}.Ad-Hoc|Any CPU.ActiveCfg = Release|Any CPU
		{E58F83EB-8F07-401C-9FA3-24971BA2070C}.Ad-Hoc|Any CPU.Build.0 = Release|Any CPU
		{E58F83EB-8F07-401C-9FA3-24971BA2070C}.Ad-Hoc|Any CPU.Deploy.0 = Release|Any CPU
		{E58F83EB-8F07-401C-9FA3-24971BA2070C}.Ad-Hoc|ARM.ActiveCfg = Release|ARM
		{E58F83EB-8F07-401C-9FA3-24971BA2070C}.Ad-Hoc|ARM.Build.0 = Release|ARM
		{E58F83EB-8F07-401C-9FA3-24971BA2070C}.Ad-Hoc|ARM.Deploy.0 = Release|ARM
		{E58F83EB-8F07-401C-9FA3-24971BA2070C}.Ad-Hoc|iPhone.ActiveCfg = Release|Any CPU
		{E58F83EB-8F07-401C-9FA3-24971BA2070C}.Ad-Hoc|iPhoneSimulator.ActiveCfg = Release|Any CPU
		{E58F83EB-8F07-401C-9FA3-24971BA2070C}.Ad-Hoc|Mixed Platforms.ActiveCfg = Release|x86
		{E58F83EB-8F07-401C-9FA3-24971BA2070C}.Ad-Hoc|Mixed Platforms.Build.0 = Release|x86
		{E58F83EB-8F07-401C-9FA3-24971BA2070C}.Ad-Hoc|Mixed Platforms.Deploy.0 = Release|x86
		{E58F83EB-8F07-401C-9FA3-24971BA2070C}.Ad-Hoc|x86.ActiveCfg = Release|x86
		{E58F83EB-8F07-401C-9FA3-24971BA2070C}.Ad-Hoc|x86.Build.0 = Release|x86
		{E58F83EB-8F07-401C-9FA3-24971BA2070C}.Ad-Hoc|x86.Deploy.0 = Release|x86
		{E58F83EB-8F07-401C-9FA3-24971BA2070C}.AppStore|Any CPU.ActiveCfg = Release|Any CPU
		{E58F83EB-8F07-401C-9FA3-24971BA2070C}.AppStore|Any CPU.Build.0 = Release|Any CPU
		{E58F83EB-8F07-401C-9FA3-24971BA2070C}.AppStore|Any CPU.Deploy.0 = Release|Any CPU
		{E58F83EB-8F07-401C-9FA3-24971BA2070C}.AppStore|ARM.ActiveCfg = Release|ARM
		{E58F83EB-8F07-401C-9FA3-24971BA2070C}.AppStore|ARM.Build.0 = Release|ARM
		{E58F83EB-8F07-401C-9FA3-24971BA2070C}.AppStore|ARM.Deploy.0 = Release|ARM
		{E58F83EB-8F07-401C-9FA3-24971BA2070C}.AppStore|iPhone.ActiveCfg = Release|Any CPU
		{E58F83EB-8F07-401C-9FA3-24971BA2070C}.AppStore|iPhoneSimulator.ActiveCfg = Release|Any CPU
		{E58F83EB-8F07-401C-9FA3-24971BA2070C}.AppStore|Mixed Platforms.ActiveCfg = Release|x86
		{E58F83EB-8F07-401C-9FA3-24971BA2070C}.AppStore|Mixed Platforms.Build.0 = Release|x86
		{E58F83EB-8F07-401C-9FA3-24971BA2070C}.AppStore|Mixed Platforms.Deploy.0 = Release|x86
		{E58F83EB-8F07-401C-9FA3-24971BA2070C}.AppStore|x86.ActiveCfg = Release|x86
		{E58F83EB-8F07-401C-9FA3-24971BA2070C}.AppStore|x86.Build.0 = Release|x86
		{E58F83EB-8F07-401C-9FA3-24971BA2070C}.AppStore|x86.Deploy.0 = Release|x86
		{E58F83EB-8F07-401C-9FA3-24971BA2070C}.Debug|Any CPU.ActiveCfg = Debug|Any CPU
		{E58F83EB-8F07-401C-9FA3-24971BA2070C}.Debug|ARM.ActiveCfg = Debug|ARM
		{E58F83EB-8F07-401C-9FA3-24971BA2070C}.Debug|ARM.Build.0 = Debug|ARM
		{E58F83EB-8F07-401C-9FA3-24971BA2070C}.Debug|ARM.Deploy.0 = Debug|ARM
		{E58F83EB-8F07-401C-9FA3-24971BA2070C}.Debug|iPhone.ActiveCfg = Debug|Any CPU
		{E58F83EB-8F07-401C-9FA3-24971BA2070C}.Debug|iPhoneSimulator.ActiveCfg = Debug|Any CPU
		{E58F83EB-8F07-401C-9FA3-24971BA2070C}.Debug|Mixed Platforms.ActiveCfg = Debug|x86
		{E58F83EB-8F07-401C-9FA3-24971BA2070C}.Debug|Mixed Platforms.Build.0 = Debug|x86
		{E58F83EB-8F07-401C-9FA3-24971BA2070C}.Debug|Mixed Platforms.Deploy.0 = Debug|x86
		{E58F83EB-8F07-401C-9FA3-24971BA2070C}.Debug|x86.ActiveCfg = Debug|x86
		{E58F83EB-8F07-401C-9FA3-24971BA2070C}.Debug|x86.Build.0 = Debug|x86
		{E58F83EB-8F07-401C-9FA3-24971BA2070C}.Debug|x86.Deploy.0 = Debug|x86
		{E58F83EB-8F07-401C-9FA3-24971BA2070C}.Release|Any CPU.ActiveCfg = Release|Any CPU
		{E58F83EB-8F07-401C-9FA3-24971BA2070C}.Release|Any CPU.Build.0 = Release|Any CPU
		{E58F83EB-8F07-401C-9FA3-24971BA2070C}.Release|Any CPU.Deploy.0 = Release|Any CPU
		{E58F83EB-8F07-401C-9FA3-24971BA2070C}.Release|ARM.ActiveCfg = Release|ARM
		{E58F83EB-8F07-401C-9FA3-24971BA2070C}.Release|ARM.Build.0 = Release|ARM
		{E58F83EB-8F07-401C-9FA3-24971BA2070C}.Release|ARM.Deploy.0 = Release|ARM
		{E58F83EB-8F07-401C-9FA3-24971BA2070C}.Release|iPhone.ActiveCfg = Release|Any CPU
		{E58F83EB-8F07-401C-9FA3-24971BA2070C}.Release|iPhoneSimulator.ActiveCfg = Release|Any CPU
		{E58F83EB-8F07-401C-9FA3-24971BA2070C}.Release|Mixed Platforms.ActiveCfg = Release|x86
		{E58F83EB-8F07-401C-9FA3-24971BA2070C}.Release|Mixed Platforms.Build.0 = Release|x86
		{E58F83EB-8F07-401C-9FA3-24971BA2070C}.Release|Mixed Platforms.Deploy.0 = Release|x86
		{E58F83EB-8F07-401C-9FA3-24971BA2070C}.Release|x86.ActiveCfg = Release|x86
		{E58F83EB-8F07-401C-9FA3-24971BA2070C}.Release|x86.Build.0 = Release|x86
		{E58F83EB-8F07-401C-9FA3-24971BA2070C}.Release|x86.Deploy.0 = Release|x86
		{5B8AE9C0-B53F-475C-82F9-A6851C484697}.Ad-Hoc|Any CPU.ActiveCfg = Release|Any CPU
		{5B8AE9C0-B53F-475C-82F9-A6851C484697}.Ad-Hoc|Any CPU.Build.0 = Release|Any CPU
		{5B8AE9C0-B53F-475C-82F9-A6851C484697}.Ad-Hoc|ARM.ActiveCfg = Release|Any CPU
		{5B8AE9C0-B53F-475C-82F9-A6851C484697}.Ad-Hoc|iPhone.ActiveCfg = Release|Any CPU
		{5B8AE9C0-B53F-475C-82F9-A6851C484697}.Ad-Hoc|iPhoneSimulator.ActiveCfg = Release|Any CPU
		{5B8AE9C0-B53F-475C-82F9-A6851C484697}.Ad-Hoc|Mixed Platforms.ActiveCfg = Release|Any CPU
		{5B8AE9C0-B53F-475C-82F9-A6851C484697}.Ad-Hoc|Mixed Platforms.Build.0 = Release|Any CPU
		{5B8AE9C0-B53F-475C-82F9-A6851C484697}.Ad-Hoc|x86.ActiveCfg = Release|Any CPU
		{5B8AE9C0-B53F-475C-82F9-A6851C484697}.AppStore|Any CPU.ActiveCfg = Release|Any CPU
		{5B8AE9C0-B53F-475C-82F9-A6851C484697}.AppStore|Any CPU.Build.0 = Release|Any CPU
		{5B8AE9C0-B53F-475C-82F9-A6851C484697}.AppStore|ARM.ActiveCfg = Release|Any CPU
		{5B8AE9C0-B53F-475C-82F9-A6851C484697}.AppStore|iPhone.ActiveCfg = Release|Any CPU
		{5B8AE9C0-B53F-475C-82F9-A6851C484697}.AppStore|iPhoneSimulator.ActiveCfg = Release|Any CPU
		{5B8AE9C0-B53F-475C-82F9-A6851C484697}.AppStore|Mixed Platforms.ActiveCfg = Release|Any CPU
		{5B8AE9C0-B53F-475C-82F9-A6851C484697}.AppStore|Mixed Platforms.Build.0 = Release|Any CPU
		{5B8AE9C0-B53F-475C-82F9-A6851C484697}.AppStore|x86.ActiveCfg = Release|Any CPU
		{5B8AE9C0-B53F-475C-82F9-A6851C484697}.Debug|Any CPU.ActiveCfg = Debug|Any CPU
		{5B8AE9C0-B53F-475C-82F9-A6851C484697}.Debug|Any CPU.Build.0 = Debug|Any CPU
		{5B8AE9C0-B53F-475C-82F9-A6851C484697}.Debug|ARM.ActiveCfg = Debug|Any CPU
		{5B8AE9C0-B53F-475C-82F9-A6851C484697}.Debug|iPhone.ActiveCfg = Debug|Any CPU
		{5B8AE9C0-B53F-475C-82F9-A6851C484697}.Debug|iPhoneSimulator.ActiveCfg = Debug|Any CPU
		{5B8AE9C0-B53F-475C-82F9-A6851C484697}.Debug|Mixed Platforms.ActiveCfg = Debug|Any CPU
		{5B8AE9C0-B53F-475C-82F9-A6851C484697}.Debug|Mixed Platforms.Build.0 = Debug|Any CPU
		{5B8AE9C0-B53F-475C-82F9-A6851C484697}.Debug|x86.ActiveCfg = Debug|Any CPU
		{5B8AE9C0-B53F-475C-82F9-A6851C484697}.Release|Any CPU.ActiveCfg = Release|Any CPU
		{5B8AE9C0-B53F-475C-82F9-A6851C484697}.Release|Any CPU.Build.0 = Release|Any CPU
		{5B8AE9C0-B53F-475C-82F9-A6851C484697}.Release|ARM.ActiveCfg = Release|Any CPU
		{5B8AE9C0-B53F-475C-82F9-A6851C484697}.Release|iPhone.ActiveCfg = Release|Any CPU
		{5B8AE9C0-B53F-475C-82F9-A6851C484697}.Release|iPhoneSimulator.ActiveCfg = Release|Any CPU
		{5B8AE9C0-B53F-475C-82F9-A6851C484697}.Release|Mixed Platforms.ActiveCfg = Release|Any CPU
		{5B8AE9C0-B53F-475C-82F9-A6851C484697}.Release|Mixed Platforms.Build.0 = Release|Any CPU
		{5B8AE9C0-B53F-475C-82F9-A6851C484697}.Release|x86.ActiveCfg = Release|Any CPU
		{F5C0623B-7B4F-4442-862A-0D79B9362E1F}.Ad-Hoc|Any CPU.ActiveCfg = Release|Any CPU
		{F5C0623B-7B4F-4442-862A-0D79B9362E1F}.Ad-Hoc|Any CPU.Build.0 = Release|Any CPU
		{F5C0623B-7B4F-4442-862A-0D79B9362E1F}.Ad-Hoc|Any CPU.Deploy.0 = Release|Any CPU
		{F5C0623B-7B4F-4442-862A-0D79B9362E1F}.Ad-Hoc|ARM.ActiveCfg = Release|Any CPU
		{F5C0623B-7B4F-4442-862A-0D79B9362E1F}.Ad-Hoc|iPhone.ActiveCfg = Release|Any CPU
		{F5C0623B-7B4F-4442-862A-0D79B9362E1F}.Ad-Hoc|iPhoneSimulator.ActiveCfg = Release|Any CPU
		{F5C0623B-7B4F-4442-862A-0D79B9362E1F}.Ad-Hoc|Mixed Platforms.ActiveCfg = Release|Any CPU
		{F5C0623B-7B4F-4442-862A-0D79B9362E1F}.Ad-Hoc|Mixed Platforms.Build.0 = Release|Any CPU
		{F5C0623B-7B4F-4442-862A-0D79B9362E1F}.Ad-Hoc|Mixed Platforms.Deploy.0 = Release|Any CPU
		{F5C0623B-7B4F-4442-862A-0D79B9362E1F}.Ad-Hoc|x86.ActiveCfg = Release|Any CPU
		{F5C0623B-7B4F-4442-862A-0D79B9362E1F}.AppStore|Any CPU.ActiveCfg = Release|Any CPU
		{F5C0623B-7B4F-4442-862A-0D79B9362E1F}.AppStore|Any CPU.Build.0 = Release|Any CPU
		{F5C0623B-7B4F-4442-862A-0D79B9362E1F}.AppStore|Any CPU.Deploy.0 = Release|Any CPU
		{F5C0623B-7B4F-4442-862A-0D79B9362E1F}.AppStore|ARM.ActiveCfg = Release|Any CPU
		{F5C0623B-7B4F-4442-862A-0D79B9362E1F}.AppStore|iPhone.ActiveCfg = Release|Any CPU
		{F5C0623B-7B4F-4442-862A-0D79B9362E1F}.AppStore|iPhoneSimulator.ActiveCfg = Release|Any CPU
		{F5C0623B-7B4F-4442-862A-0D79B9362E1F}.AppStore|Mixed Platforms.ActiveCfg = Release|Any CPU
		{F5C0623B-7B4F-4442-862A-0D79B9362E1F}.AppStore|Mixed Platforms.Build.0 = Release|Any CPU
		{F5C0623B-7B4F-4442-862A-0D79B9362E1F}.AppStore|Mixed Platforms.Deploy.0 = Release|Any CPU
		{F5C0623B-7B4F-4442-862A-0D79B9362E1F}.AppStore|x86.ActiveCfg = Release|Any CPU
		{F5C0623B-7B4F-4442-862A-0D79B9362E1F}.Debug|Any CPU.ActiveCfg = Debug|Any CPU
		{F5C0623B-7B4F-4442-862A-0D79B9362E1F}.Debug|Any CPU.Build.0 = Debug|Any CPU
		{F5C0623B-7B4F-4442-862A-0D79B9362E1F}.Debug|Any CPU.Deploy.0 = Debug|Any CPU
		{F5C0623B-7B4F-4442-862A-0D79B9362E1F}.Debug|ARM.ActiveCfg = Debug|Any CPU
		{F5C0623B-7B4F-4442-862A-0D79B9362E1F}.Debug|iPhone.ActiveCfg = Debug|Any CPU
		{F5C0623B-7B4F-4442-862A-0D79B9362E1F}.Debug|iPhoneSimulator.ActiveCfg = Debug|Any CPU
		{F5C0623B-7B4F-4442-862A-0D79B9362E1F}.Debug|Mixed Platforms.ActiveCfg = Debug|Any CPU
		{F5C0623B-7B4F-4442-862A-0D79B9362E1F}.Debug|Mixed Platforms.Build.0 = Debug|Any CPU
		{F5C0623B-7B4F-4442-862A-0D79B9362E1F}.Debug|Mixed Platforms.Deploy.0 = Debug|Any CPU
		{F5C0623B-7B4F-4442-862A-0D79B9362E1F}.Debug|x86.ActiveCfg = Debug|Any CPU
		{F5C0623B-7B4F-4442-862A-0D79B9362E1F}.Release|Any CPU.ActiveCfg = Release|Any CPU
		{F5C0623B-7B4F-4442-862A-0D79B9362E1F}.Release|Any CPU.Build.0 = Release|Any CPU
		{F5C0623B-7B4F-4442-862A-0D79B9362E1F}.Release|Any CPU.Deploy.0 = Release|Any CPU
		{F5C0623B-7B4F-4442-862A-0D79B9362E1F}.Release|ARM.ActiveCfg = Release|Any CPU
		{F5C0623B-7B4F-4442-862A-0D79B9362E1F}.Release|iPhone.ActiveCfg = Release|Any CPU
		{F5C0623B-7B4F-4442-862A-0D79B9362E1F}.Release|iPhoneSimulator.ActiveCfg = Release|Any CPU
		{F5C0623B-7B4F-4442-862A-0D79B9362E1F}.Release|Mixed Platforms.ActiveCfg = Release|Any CPU
		{F5C0623B-7B4F-4442-862A-0D79B9362E1F}.Release|Mixed Platforms.Build.0 = Release|Any CPU
		{F5C0623B-7B4F-4442-862A-0D79B9362E1F}.Release|Mixed Platforms.Deploy.0 = Release|Any CPU
		{F5C0623B-7B4F-4442-862A-0D79B9362E1F}.Release|x86.ActiveCfg = Release|Any CPU
		{E32AAED8-DB96-4653-84CF-EBFA2E551EFB}.Ad-Hoc|Any CPU.ActiveCfg = Ad-Hoc|iPhone
		{E32AAED8-DB96-4653-84CF-EBFA2E551EFB}.Ad-Hoc|ARM.ActiveCfg = Ad-Hoc|iPhone
		{E32AAED8-DB96-4653-84CF-EBFA2E551EFB}.Ad-Hoc|iPhone.ActiveCfg = Ad-Hoc|iPhone
		{E32AAED8-DB96-4653-84CF-EBFA2E551EFB}.Ad-Hoc|iPhone.Build.0 = Ad-Hoc|iPhone
		{E32AAED8-DB96-4653-84CF-EBFA2E551EFB}.Ad-Hoc|iPhone.Deploy.0 = Ad-Hoc|iPhone
		{E32AAED8-DB96-4653-84CF-EBFA2E551EFB}.Ad-Hoc|iPhoneSimulator.ActiveCfg = Ad-Hoc|iPhoneSimulator
		{E32AAED8-DB96-4653-84CF-EBFA2E551EFB}.Ad-Hoc|iPhoneSimulator.Build.0 = Ad-Hoc|iPhoneSimulator
		{E32AAED8-DB96-4653-84CF-EBFA2E551EFB}.Ad-Hoc|iPhoneSimulator.Deploy.0 = Ad-Hoc|iPhoneSimulator
		{E32AAED8-DB96-4653-84CF-EBFA2E551EFB}.Ad-Hoc|Mixed Platforms.ActiveCfg = Ad-Hoc|iPhone
		{E32AAED8-DB96-4653-84CF-EBFA2E551EFB}.Ad-Hoc|Mixed Platforms.Build.0 = Ad-Hoc|iPhone
		{E32AAED8-DB96-4653-84CF-EBFA2E551EFB}.Ad-Hoc|Mixed Platforms.Deploy.0 = Ad-Hoc|iPhone
		{E32AAED8-DB96-4653-84CF-EBFA2E551EFB}.Ad-Hoc|x86.ActiveCfg = Ad-Hoc|iPhone
		{E32AAED8-DB96-4653-84CF-EBFA2E551EFB}.AppStore|Any CPU.ActiveCfg = AppStore|iPhone
		{E32AAED8-DB96-4653-84CF-EBFA2E551EFB}.AppStore|ARM.ActiveCfg = AppStore|iPhone
		{E32AAED8-DB96-4653-84CF-EBFA2E551EFB}.AppStore|iPhone.ActiveCfg = AppStore|iPhone
		{E32AAED8-DB96-4653-84CF-EBFA2E551EFB}.AppStore|iPhone.Build.0 = AppStore|iPhone
		{E32AAED8-DB96-4653-84CF-EBFA2E551EFB}.AppStore|iPhone.Deploy.0 = AppStore|iPhone
		{E32AAED8-DB96-4653-84CF-EBFA2E551EFB}.AppStore|iPhoneSimulator.ActiveCfg = AppStore|iPhoneSimulator
		{E32AAED8-DB96-4653-84CF-EBFA2E551EFB}.AppStore|iPhoneSimulator.Build.0 = AppStore|iPhoneSimulator
		{E32AAED8-DB96-4653-84CF-EBFA2E551EFB}.AppStore|iPhoneSimulator.Deploy.0 = AppStore|iPhoneSimulator
		{E32AAED8-DB96-4653-84CF-EBFA2E551EFB}.AppStore|Mixed Platforms.ActiveCfg = AppStore|iPhone
		{E32AAED8-DB96-4653-84CF-EBFA2E551EFB}.AppStore|Mixed Platforms.Build.0 = AppStore|iPhone
		{E32AAED8-DB96-4653-84CF-EBFA2E551EFB}.AppStore|Mixed Platforms.Deploy.0 = AppStore|iPhone
		{E32AAED8-DB96-4653-84CF-EBFA2E551EFB}.AppStore|x86.ActiveCfg = AppStore|iPhone
		{E32AAED8-DB96-4653-84CF-EBFA2E551EFB}.Debug|Any CPU.ActiveCfg = Debug|iPhone
		{E32AAED8-DB96-4653-84CF-EBFA2E551EFB}.Debug|ARM.ActiveCfg = Debug|iPhone
		{E32AAED8-DB96-4653-84CF-EBFA2E551EFB}.Debug|iPhone.ActiveCfg = Debug|iPhone
		{E32AAED8-DB96-4653-84CF-EBFA2E551EFB}.Debug|iPhone.Build.0 = Debug|iPhone
		{E32AAED8-DB96-4653-84CF-EBFA2E551EFB}.Debug|iPhone.Deploy.0 = Debug|iPhone
		{E32AAED8-DB96-4653-84CF-EBFA2E551EFB}.Debug|iPhoneSimulator.ActiveCfg = Debug|iPhoneSimulator
		{E32AAED8-DB96-4653-84CF-EBFA2E551EFB}.Debug|iPhoneSimulator.Build.0 = Debug|iPhoneSimulator
		{E32AAED8-DB96-4653-84CF-EBFA2E551EFB}.Debug|iPhoneSimulator.Deploy.0 = Debug|iPhoneSimulator
		{E32AAED8-DB96-4653-84CF-EBFA2E551EFB}.Debug|Mixed Platforms.ActiveCfg = Debug|iPhone
		{E32AAED8-DB96-4653-84CF-EBFA2E551EFB}.Debug|Mixed Platforms.Build.0 = Debug|iPhone
		{E32AAED8-DB96-4653-84CF-EBFA2E551EFB}.Debug|Mixed Platforms.Deploy.0 = Debug|iPhone
		{E32AAED8-DB96-4653-84CF-EBFA2E551EFB}.Debug|x86.ActiveCfg = Debug|iPhone
		{E32AAED8-DB96-4653-84CF-EBFA2E551EFB}.Release|Any CPU.ActiveCfg = Release|iPhone
		{E32AAED8-DB96-4653-84CF-EBFA2E551EFB}.Release|ARM.ActiveCfg = Release|iPhone
		{E32AAED8-DB96-4653-84CF-EBFA2E551EFB}.Release|iPhone.ActiveCfg = Release|iPhone
		{E32AAED8-DB96-4653-84CF-EBFA2E551EFB}.Release|iPhone.Build.0 = Release|iPhone
		{E32AAED8-DB96-4653-84CF-EBFA2E551EFB}.Release|iPhone.Deploy.0 = Release|iPhone
		{E32AAED8-DB96-4653-84CF-EBFA2E551EFB}.Release|iPhoneSimulator.ActiveCfg = Release|iPhoneSimulator
		{E32AAED8-DB96-4653-84CF-EBFA2E551EFB}.Release|iPhoneSimulator.Build.0 = Release|iPhoneSimulator
		{E32AAED8-DB96-4653-84CF-EBFA2E551EFB}.Release|iPhoneSimulator.Deploy.0 = Release|iPhoneSimulator
		{E32AAED8-DB96-4653-84CF-EBFA2E551EFB}.Release|Mixed Platforms.ActiveCfg = Release|iPhone
		{E32AAED8-DB96-4653-84CF-EBFA2E551EFB}.Release|Mixed Platforms.Build.0 = Release|iPhone
		{E32AAED8-DB96-4653-84CF-EBFA2E551EFB}.Release|Mixed Platforms.Deploy.0 = Release|iPhone
		{E32AAED8-DB96-4653-84CF-EBFA2E551EFB}.Release|x86.ActiveCfg = Release|iPhone
	EndGlobalSection
	GlobalSection(SolutionProperties) = preSolution
		HideSolutionNode = FALSE
	EndGlobalSection
	GlobalSection(NestedProjects) = preSolution
		{5B8AE9C0-B53F-475C-82F9-A6851C484697} = {F0FEB5A4-427E-44CC-8E42-97E33A6C8F9A}
		{DB47D56F-7BD3-431B-9E4D-B1613632546A} = {F0FEB5A4-427E-44CC-8E42-97E33A6C8F9A}
	EndGlobalSection
EndGlobal
